
Microsoft Visual Studio Solution File, Format Version 12.00
# Visual Studio Version 17
VisualStudioVersion = 17.6.33829.357
MinimumVisualStudioVersion = 10.0.40219.1
Project("{9A19103F-16F7-4668-BE54-9A1E7A4F7556}") = "С4S.API", "S4C.API\С4S.API.csproj", "{92ED7C16-3A04-411A-915D-F115AB19F9EF}"
EndProject
Project("{9A19103F-16F7-4668-BE54-9A1E7A4F7556}") = "C4S.DB", "S4C.DB\C4S.DB.csproj", "{6663B2F5-8088-4052-9A57-92DE18162E67}"
EndProject
Project("{9A19103F-16F7-4668-BE54-9A1E7A4F7556}") = "C4S.Services", "S4C.Services\C4S.Services.csproj", "{74CCFCE8-EA0A-446A-A572-35FEC08FBC3F}"
EndProject
Project("{9A19103F-16F7-4668-BE54-9A1E7A4F7556}") = "S4C.YandexGateway", "S4C.YandexGateway\S4C.YandexGateway.csproj", "{57D3931B-D94A-431E-8E95-E04C0EBC7868}"
EndProject
Project("{9A19103F-16F7-4668-BE54-9A1E7A4F7556}") = "C4S.Helpers", "C4S.Helpers\C4S.Helpers.csproj", "{8D2A8650-B83F-4578-9DFA-CAE6E00FC647}"
EndProject
Project("{9A19103F-16F7-4668-BE54-9A1E7A4F7556}") = "S4C.Tests", "S4C.Tests\S4C.Tests.csproj", "{B1811FA8-A729-4F6E-8247-F7A4F1AB6957}"
EndProject
Project("{FAE04EC0-301F-11D3-BF4B-00C04F79EFBC}") = "C4S.Common", "C4S.Common\C4S.Common.csproj", "{D1C25FB8-89D5-4B42-992A-77CA36B052F1}"
EndProject
Global
	GlobalSection(SolutionConfigurationPlatforms) = preSolution
		Debug|Any CPU = Debug|Any CPU
		Release|Any CPU = Release|Any CPU
	EndGlobalSection
	GlobalSection(ProjectConfigurationPlatforms) = postSolution
		{92ED7C16-3A04-411A-915D-F115AB19F9EF}.Debug|Any CPU.ActiveCfg = Debug|Any CPU
		{92ED7C16-3A04-411A-915D-F115AB19F9EF}.Debug|Any CPU.Build.0 = Debug|Any CPU
		{92ED7C16-3A04-411A-915D-F115AB19F9EF}.Release|Any CPU.ActiveCfg = Release|Any CPU
		{92ED7C16-3A04-411A-915D-F115AB19F9EF}.Release|Any CPU.Build.0 = Release|Any CPU
		{6663B2F5-8088-4052-9A57-92DE18162E67}.Debug|Any CPU.ActiveCfg = Debug|Any CPU
		{6663B2F5-8088-4052-9A57-92DE18162E67}.Debug|Any CPU.Build.0 = Debug|Any CPU
		{6663B2F5-8088-4052-9A57-92DE18162E67}.Release|Any CPU.ActiveCfg = Release|Any CPU
		{6663B2F5-8088-4052-9A57-92DE18162E67}.Release|Any CPU.Build.0 = Release|Any CPU
		{74CCFCE8-EA0A-446A-A572-35FEC08FBC3F}.Debug|Any CPU.ActiveCfg = Debug|Any CPU
		{74CCFCE8-EA0A-446A-A572-35FEC08FBC3F}.Debug|Any CPU.Build.0 = Debug|Any CPU
		{74CCFCE8-EA0A-446A-A572-35FEC08FBC3F}.Release|Any CPU.ActiveCfg = Release|Any CPU
		{74CCFCE8-EA0A-446A-A572-35FEC08FBC3F}.Release|Any CPU.Build.0 = Release|Any CPU
		{57D3931B-D94A-431E-8E95-E04C0EBC7868}.Debug|Any CPU.ActiveCfg = Debug|Any CPU
		{57D3931B-D94A-431E-8E95-E04C0EBC7868}.Debug|Any CPU.Build.0 = Debug|Any CPU
		{57D3931B-D94A-431E-8E95-E04C0EBC7868}.Release|Any CPU.ActiveCfg = Release|Any CPU
		{57D3931B-D94A-431E-8E95-E04C0EBC7868}.Release|Any CPU.Build.0 = Release|Any CPU
		{8D2A8650-B83F-4578-9DFA-CAE6E00FC647}.Debug|Any CPU.ActiveCfg = Debug|Any CPU
		{8D2A8650-B83F-4578-9DFA-CAE6E00FC647}.Debug|Any CPU.Build.0 = Debug|Any CPU
		{8D2A8650-B83F-4578-9DFA-CAE6E00FC647}.Release|Any CPU.ActiveCfg = Release|Any CPU
		{8D2A8650-B83F-4578-9DFA-CAE6E00FC647}.Release|Any CPU.Build.0 = Release|Any CPU
		{B1811FA8-A729-4F6E-8247-F7A4F1AB6957}.Debug|Any CPU.ActiveCfg = Debug|Any CPU
		{B1811FA8-A729-4F6E-8247-F7A4F1AB6957}.Debug|Any CPU.Build.0 = Debug|Any CPU
		{B1811FA8-A729-4F6E-8247-F7A4F1AB6957}.Release|Any CPU.ActiveCfg = Release|Any CPU
		{B1811FA8-A729-4F6E-8247-F7A4F1AB6957}.Release|Any CPU.Build.0 = Release|Any CPU
		{D1C25FB8-89D5-4B42-992A-77CA36B052F1}.Debug|Any CPU.ActiveCfg = Debug|Any CPU
		{D1C25FB8-89D5-4B42-992A-77CA36B052F1}.Debug|Any CPU.Build.0 = Debug|Any CPU
		{D1C25FB8-89D5-4B42-992A-77CA36B052F1}.Release|Any CPU.ActiveCfg = Release|Any CPU
		{D1C25FB8-89D5-4B42-992A-77CA36B052F1}.Release|Any CPU.Build.0 = Release|Any CPU
	EndGlobalSection
	GlobalSection(SolutionProperties) = preSolution
		HideSolutionNode = FALSE
	EndGlobalSection
	GlobalSection(ExtensibilityGlobals) = postSolution
		SolutionGuid = {5BD545C6-693A-41CD-A71C-69F11743BBDC}
	EndGlobalSection
EndGlobal
